# THIS IS AN AUTOGENERATED FILE. DO NOT EDIT THIS FILE DIRECTLY.
# yarn lockfile v1


"@headlessui/react@^1.4.2":
  version "1.4.2"
  resolved "https://registry.yarnpkg.com/@headlessui/react/-/react-1.4.2.tgz#87e264f190dbebbf8dfdd900530da973dad24576"
  integrity sha512-N8tv7kLhg9qGKBkVdtg572BvKvWhmiudmeEpOCyNwzOsZHCXBtl8AazGikIfUS+vBoub20Fse3BjawXDVPPdug==

"@tailwindcss/language-server@^0.0.5":
  version "0.0.5"
  resolved "https://registry.yarnpkg.com/@tailwindcss/language-server/-/language-server-0.0.5.tgz#15a599a91c0be4b6eab513b8d35ca71879418607"
  integrity sha512-BOmC7U+FsN2Tuvet6LNSMn/0Up1Vz9f5TaXB3VttlpSdjfJJxiZJisJK7xgag/jlTHQ4dWr3VqASMkYSoJUcOw==

dom-walk@^0.1.0:
  version "0.1.2"
  resolved "https://registry.yarnpkg.com/dom-walk/-/dom-walk-0.1.2.tgz#0c548bef048f4d1f2a97249002236060daa3fd84"
  integrity sha512-6QvTW9mrGeIegrFXdtQi9pk7O/nSK6lSdXW2eqUspN5LWD7UTji2Fqw5V2YLjBpHEoU9Xl/eUWNpDeZvoyOv2w==

global@^4.4.0:
  version "4.4.0"
  resolved "https://registry.yarnpkg.com/global/-/global-4.4.0.tgz#3e7b105179006a323ed71aafca3e9c57a5cc6406"
  integrity sha512-wv/LAoHdRE3BeTGz53FAamhGlPLhlssK45usmGFThIi4XqnBmjKQ16u+RNbP7WvigRZDxUsM0J3gcQ5yicaL0w==
  dependencies:
    min-document "^2.19.0"
    process "^0.11.10"

min-document@^2.19.0:
  version "2.19.0"
  resolved "https://registry.yarnpkg.com/min-document/-/min-document-2.19.0.tgz#7bd282e3f5842ed295bb748cdd9f1ffa2c824685"
  integrity sha1-e9KC4/WELtKVu3SM3Z8f+iyCRoU=
  dependencies:
    dom-walk "^0.1.0"

process@^0.11.10:
  version "0.11.10"
  resolved "https://registry.yarnpkg.com/process/-/process-0.11.10.tgz#7332300e840161bda3e69a1d1d91a7d4bc16f182"
  integrity sha1-czIwDoQBYb2j5podHZGn1LwW8YI=

simplex-noise@^3.0.0:
  version "3.0.0"
  resolved "https://registry.yarnpkg.com/simplex-noise/-/simplex-noise-3.0.0.tgz#0bbb8bbb3b13483d53b282a9ab59d6c9b978ac7a"
  integrity sha512-sZP1EvUpRW/f3wjeSWUs94Xp4+S46oLGNiqkaROM92m3FvFm5ymJFMg67LcHpqikI8isXJlN/sE1Cfpe86xp0w==
